
Microsoft Visual Studio Solution File, Format Version 12.00
# Visual Studio 15
VisualStudioVersion = 15.0.28307.106
MinimumVisualStudioVersion = 10.0.40219.1
Project("{FAE04EC0-301F-11D3-BF4B-00C04F79EFBC}") = "CoordinateOfSystem", "CoordinateOfSystem\CoordinateOfSystem.csproj", "{FDF98CF4-B7EA-4F44-A832-726DD09220CE}"
EndProject
Global
	GlobalSection(SolutionConfigurationPlatforms) = preSolution
		Debug|Any CPU = Debug|Any CPU
		Release|Any CPU = Release|Any CPU
	EndGlobalSection
	GlobalSection(ProjectConfigurationPlatforms) = postSolution
		{FDF98CF4-B7EA-4F44-A832-726DD09220CE}.Debug|Any CPU.ActiveCfg = Debug|Any CPU
		{FDF98CF4-B7EA-4F44-A832-726DD09220CE}.Debug|Any CPU.Build.0 = Debug|Any CPU
		{FDF98CF4-B7EA-4F44-A832-726DD09220CE}.Release|Any CPU.ActiveCfg = Release|Any CPU
		{FDF98CF4-B7EA-4F44-A832-726DD09220CE}.Release|Any CPU.Build.0 = Release|Any CPU
	EndGlobalSection
	GlobalSection(SolutionProperties) = preSolution
		HideSolutionNode = FALSE
	EndGlobalSection
	GlobalSection(ExtensibilityGlobals) = postSolution
		SolutionGuid = {17256484-8236-49D4-9E53-4E905771C301}
	EndGlobalSection
EndGlobal
